{
  "name": "demo-file-test",
  "version": "1.0.0",
  "lockfileVersion": 2,
  "requires": true,
  "packages": {
    "": {
      "version": "1.0.0",
      "license": "ISC",
      "dependencies": {
        "demofile": "^2.1.0"
      }
    },
    "node_modules/@babel/runtime": {
      "version": "7.15.4",
      "resolved": "https://registry.npmjs.org/@babel/runtime/-/runtime-7.15.4.tgz",
      "integrity": "sha512-99catp6bHCaxr4sJ/DbTGgHS4+Rs2RVd2g7iOap6SLGPDknRK9ztKNsE/Fg6QhSeh1FGE5f6gHGQmvvn3I3xhw==",
      "dependencies": {
        "regenerator-runtime": "^0.13.4"
      },
      "engines": {
        "node": ">=6.9.0"
      }
    },
    "node_modules/@protobufjs/aspromise": {
      "version": "1.1.2",
      "resolved": "https://registry.npmjs.org/@protobufjs/aspromise/-/aspromise-1.1.2.tgz",
      "integrity": "sha1-m4sMxmPWaafY9vXQiToU00jzD78="
    },
    "node_modules/@protobufjs/base64": {
      "version": "1.1.2",
      "resolved": "https://registry.npmjs.org/@protobufjs/base64/-/base64-1.1.2.tgz",
      "integrity": "sha512-AZkcAA5vnN/v4PDqKyMR5lx7hZttPDgClv83E//FMNhR2TMcLUhfRUBHCmSl0oi9zMgDDqRUJkSxO3wm85+XLg=="
    },
    "node_modules/@protobufjs/codegen": {
      "version": "2.0.4",
      "resolved": "https://registry.npmjs.org/@protobufjs/codegen/-/codegen-2.0.4.tgz",
      "integrity": "sha512-YyFaikqM5sH0ziFZCN3xDC7zeGaB/d0IUb9CATugHWbd1FRFwWwt4ld4OYMPWu5a3Xe01mGAULCdqhMlPl29Jg=="
    },
    "node_modules/@protobufjs/eventemitter": {
      "version": "1.1.0",
      "resolved": "https://registry.npmjs.org/@protobufjs/eventemitter/-/eventemitter-1.1.0.tgz",
      "integrity": "sha1-NVy8mLr61ZePntCV85diHx0Ga3A="
    },
    "node_modules/@protobufjs/fetch": {
      "version": "1.1.0",
      "resolved": "https://registry.npmjs.org/@protobufjs/fetch/-/fetch-1.1.0.tgz",
      "integrity": "sha1-upn7WYYUr2VwDBYZ/wbUVLDYTEU=",
      "dependencies": {
        "@protobufjs/aspromise": "^1.1.1",
        "@protobufjs/inquire": "^1.1.0"
      }
    },
    "node_modules/@protobufjs/float": {
      "version": "1.0.2",
      "resolved": "https://registry.npmjs.org/@protobufjs/float/-/float-1.0.2.tgz",
      "integrity": "sha1-Xp4avctz/Ap8uLKR33jIy9l7h9E="
    },
    "node_modules/@protobufjs/inquire": {
      "version": "1.1.0",
      "resolved": "https://registry.npmjs.org/@protobufjs/inquire/-/inquire-1.1.0.tgz",
      "integrity": "sha1-/yAOPnzyQp4tyvwRQIKOjMY48Ik="
    },
    "node_modules/@protobufjs/path": {
      "version": "1.1.2",
      "resolved": "https://registry.npmjs.org/@protobufjs/path/-/path-1.1.2.tgz",
      "integrity": "sha1-bMKyDFya1q0NzP0hynZz2Nf79o0="
    },
    "node_modules/@protobufjs/pool": {
      "version": "1.1.0",
      "resolved": "https://registry.npmjs.org/@protobufjs/pool/-/pool-1.1.0.tgz",
      "integrity": "sha1-Cf0V8tbTq/qbZbw2ZQbWrXhG/1Q="
    },
    "node_modules/@protobufjs/utf8": {
      "version": "1.1.0",
      "resolved": "https://registry.npmjs.org/@protobufjs/utf8/-/utf8-1.1.0.tgz",
      "integrity": "sha1-p3c2C1s5oaLlEG+OhY8v0tBgxXA="
    },
    "node_modules/@types/bytebuffer": {
      "version": "5.0.42",
      "resolved": "https://registry.npmjs.org/@types/bytebuffer/-/bytebuffer-5.0.42.tgz",
      "integrity": "sha512-lEgKojWUAc/MG2t649oZS5AfYFP2xRNPoDuwDBlBMjHXd8MaGPgFgtCXUK7inZdBOygmVf10qxc1Us8GXC96aw==",
      "dependencies": {
        "@types/long": "*",
        "@types/node": "*"
      }
    },
    "node_modules/@types/long": {
      "version": "4.0.1",
      "resolved": "https://registry.npmjs.org/@types/long/-/long-4.0.1.tgz",
      "integrity": "sha512-5tXH6Bx/kNGd3MgffdmP4dy2Z+G4eaXw0SE81Tq3BNadtnMR5/ySMzX4SLEzHJzSmPNn4HIdpQsBvXMUykr58w=="
    },
    "node_modules/@types/node": {
      "version": "16.9.4",
      "resolved": "https://registry.npmjs.org/@types/node/-/node-16.9.4.tgz",
      "integrity": "sha512-KDazLNYAGIuJugdbULwFZULF9qQ13yNWEBFnfVpqlpgAAo6H/qnM9RjBgh0A0kmHf3XxAKLdN5mTIng9iUvVLA=="
    },
    "node_modules/big-integer": {
      "version": "1.6.49",
      "resolved": "https://registry.npmjs.org/big-integer/-/big-integer-1.6.49.tgz",
      "integrity": "sha512-KJ7VhqH+f/BOt9a3yMwJNmcZjG53ijWMTjSAGMveQWyLwqIiwkjNP5PFgDob3Snnx86SjDj6I89fIbv0dkQeNw==",
      "engines": {
        "node": ">=0.6"
      }
    },
    "node_modules/bit-buffer": {
      "version": "0.0.3",
      "resolved": "https://registry.npmjs.org/bit-buffer/-/bit-buffer-0.0.3.tgz",
      "integrity": "sha1-QWwPxy5dL7tPDsw9ufAL+tMgxDY="
    },
    "node_modules/bytebuffer": {
      "version": "5.0.1",
      "resolved": "https://registry.npmjs.org/bytebuffer/-/bytebuffer-5.0.1.tgz",
      "integrity": "sha1-WC7qSxqHO20CCkjVjfhfC7ps/d0=",
      "dependencies": {
        "long": "~3"
      },
      "engines": {
        "node": ">=0.8"
      }
    },
    "node_modules/demofile": {
      "version": "2.1.0",
      "resolved": "https://registry.npmjs.org/demofile/-/demofile-2.1.0.tgz",
      "integrity": "sha512-R4NYw/RPcgHqTyIDVwYW2BsaZzyRrwyMEWkQca9WLfMuCcFjdd0OxSgbmSP/Kw++CtXNkrHsDVoeCuDaIA4Yqg==",
      "dependencies": {
        "@types/bytebuffer": "^5.0.37",
        "big-integer": "^1.6.48",
        "bit-buffer": "0.0.3",
        "bytebuffer": "^5.0.0",
        "immutable": "^4.0.0-rc.12",
        "iter-tools": "^7.0.2",
        "long": "^3.0.3",
        "protobufjs": "^6.8.8"
      },
      "engines": {
        "node": ">=12.0.0"
      }
    },
    "node_modules/immutable": {
      "version": "4.0.0-rc.15",
      "resolved": "https://registry.npmjs.org/immutable/-/immutable-4.0.0-rc.15.tgz",
      "integrity": "sha512-v8+A3sNyaieoP9dHegl3tEYnIZa7vqNiSv0U6D7YddiZi34VjKy4GsIxrRHj2d8+CS3MeiVja5QyNe4JO/aEXA=="
    },
    "node_modules/iter-tools": {
      "version": "7.1.4",
      "resolved": "https://registry.npmjs.org/iter-tools/-/iter-tools-7.1.4.tgz",
      "integrity": "sha512-4dHXdiinrNbDxN+vWAv16CW99JvT86QdNrKgpYWnzuZBXqNsGMA/VWxbAn8ZOOFCf3/R32krMdyye89/7keRcg==",
      "dependencies": {
        "@babel/runtime": "^7.12.1"
      }
    },
    "node_modules/long": {
      "version": "3.2.0",
      "resolved": "https://registry.npmjs.org/long/-/long-3.2.0.tgz",
      "integrity": "sha1-2CG3E4yhy1gcFymQ7xTbIAtcR0s=",
      "engines": {
        "node": ">=0.6"
      }
    },
    "node_modules/protobufjs": {
      "version": "6.11.2",
      "resolved": "https://registry.npmjs.org/protobufjs/-/protobufjs-6.11.2.tgz",
      "integrity": "sha512-4BQJoPooKJl2G9j3XftkIXjoC9C0Av2NOrWmbLWT1vH32GcSUHjM0Arra6UfTsVyfMAuFzaLucXn1sadxJydAw==",
      "hasInstallScript": true,
      "dependencies": {
        "@protobufjs/aspromise": "^1.1.2",
        "@protobufjs/base64": "^1.1.2",
        "@protobufjs/codegen": "^2.0.4",
        "@protobufjs/eventemitter": "^1.1.0",
        "@protobufjs/fetch": "^1.1.0",
        "@protobufjs/float": "^1.0.2",
        "@protobufjs/inquire": "^1.1.0",
        "@protobufjs/path": "^1.1.2",
        "@protobufjs/pool": "^1.1.0",
        "@protobufjs/utf8": "^1.1.0",
        "@types/long": "^4.0.1",
        "@types/node": ">=13.7.0",
        "long": "^4.0.0"
      },
      "bin": {
        "pbjs": "bin/pbjs",
        "pbts": "bin/pbts"
      }
    },
    "node_modules/protobufjs/node_modules/long": {
      "version": "4.0.0",
      "resolved": "https://registry.npmjs.org/long/-/long-4.0.0.tgz",
      "integrity": "sha512-XsP+KhQif4bjX1kbuSiySJFNAehNxgLb6hPRGJ9QsUr8ajHkuXGdrHmFUTUUXhDwVX2R5bY4JNZEwbUiMhV+MA=="
    },
    "node_modules/regenerator-runtime": {
      "version": "0.13.9",
      "resolved": "https://registry.npmjs.org/regenerator-runtime/-/regenerator-runtime-0.13.9.tgz",
      "integrity": "sha512-p3VT+cOEgxFsRRA9X4lkI1E+k2/CtnKtU4gcxyaCUreilL/vqI6CdZ3wxVUx3UOUg+gnUOQQcRI7BmSI656MYA=="
    }
  },
  "dependencies": {
    "@babel/runtime": {
      "version": "7.15.4",
      "resolved": "https://registry.npmjs.org/@babel/runtime/-/runtime-7.15.4.tgz",
      "integrity": "sha512-99catp6bHCaxr4sJ/DbTGgHS4+Rs2RVd2g7iOap6SLGPDknRK9ztKNsE/Fg6QhSeh1FGE5f6gHGQmvvn3I3xhw==",
      "requires": {
        "regenerator-runtime": "^0.13.4"
      }
    },
    "@protobufjs/aspromise": {
      "version": "1.1.2",
      "resolved": "https://registry.npmjs.org/@protobufjs/aspromise/-/aspromise-1.1.2.tgz",
      "integrity": "sha1-m4sMxmPWaafY9vXQiToU00jzD78="
    },
    "@protobufjs/base64": {
      "version": "1.1.2",
      "resolved": "https://registry.npmjs.org/@protobufjs/base64/-/base64-1.1.2.tgz",
      "integrity": "sha512-AZkcAA5vnN/v4PDqKyMR5lx7hZttPDgClv83E//FMNhR2TMcLUhfRUBHCmSl0oi9zMgDDqRUJkSxO3wm85+XLg=="
    },
    "@protobufjs/codegen": {
      "version": "2.0.4",
      "resolved": "https://registry.npmjs.org/@protobufjs/codegen/-/codegen-2.0.4.tgz",
      "integrity": "sha512-YyFaikqM5sH0ziFZCN3xDC7zeGaB/d0IUb9CATugHWbd1FRFwWwt4ld4OYMPWu5a3Xe01mGAULCdqhMlPl29Jg=="
    },
    "@protobufjs/eventemitter": {
      "version": "1.1.0",
      "resolved": "https://registry.npmjs.org/@protobufjs/eventemitter/-/eventemitter-1.1.0.tgz",
      "integrity": "sha1-NVy8mLr61ZePntCV85diHx0Ga3A="
    },
    "@protobufjs/fetch": {
      "version": "1.1.0",
      "resolved": "https://registry.npmjs.org/@protobufjs/fetch/-/fetch-1.1.0.tgz",
      "integrity": "sha1-upn7WYYUr2VwDBYZ/wbUVLDYTEU=",
      "requires": {
        "@protobufjs/aspromise": "^1.1.1",
        "@protobufjs/inquire": "^1.1.0"
      }
    },
    "@protobufjs/float": {
      "version": "1.0.2",
      "resolved": "https://registry.npmjs.org/@protobufjs/float/-/float-1.0.2.tgz",
      "integrity": "sha1-Xp4avctz/Ap8uLKR33jIy9l7h9E="
    },
    "@protobufjs/inquire": {
      "version": "1.1.0",
      "resolved": "https://registry.npmjs.org/@protobufjs/inquire/-/inquire-1.1.0.tgz",
      "integrity": "sha1-/yAOPnzyQp4tyvwRQIKOjMY48Ik="
    },
    "@protobufjs/path": {
      "version": "1.1.2",
      "resolved": "https://registry.npmjs.org/@protobufjs/path/-/path-1.1.2.tgz",
      "integrity": "sha1-bMKyDFya1q0NzP0hynZz2Nf79o0="
    },
    "@protobufjs/pool": {
      "version": "1.1.0",
      "resolved": "https://registry.npmjs.org/@protobufjs/pool/-/pool-1.1.0.tgz",
      "integrity": "sha1-Cf0V8tbTq/qbZbw2ZQbWrXhG/1Q="
    },
    "@protobufjs/utf8": {
      "version": "1.1.0",
      "resolved": "https://registry.npmjs.org/@protobufjs/utf8/-/utf8-1.1.0.tgz",
      "integrity": "sha1-p3c2C1s5oaLlEG+OhY8v0tBgxXA="
    },
    "@types/bytebuffer": {
      "version": "5.0.42",
      "resolved": "https://registry.npmjs.org/@types/bytebuffer/-/bytebuffer-5.0.42.tgz",
      "integrity": "sha512-lEgKojWUAc/MG2t649oZS5AfYFP2xRNPoDuwDBlBMjHXd8MaGPgFgtCXUK7inZdBOygmVf10qxc1Us8GXC96aw==",
      "requires": {
        "@types/long": "*",
        "@types/node": "*"
      }
    },
    "@types/long": {
      "version": "4.0.1",
      "resolved": "https://registry.npmjs.org/@types/long/-/long-4.0.1.tgz",
      "integrity": "sha512-5tXH6Bx/kNGd3MgffdmP4dy2Z+G4eaXw0SE81Tq3BNadtnMR5/ySMzX4SLEzHJzSmPNn4HIdpQsBvXMUykr58w=="
    },
    "@types/node": {
      "version": "16.9.4",
      "resolved": "https://registry.npmjs.org/@types/node/-/node-16.9.4.tgz",
      "integrity": "sha512-KDazLNYAGIuJugdbULwFZULF9qQ13yNWEBFnfVpqlpgAAo6H/qnM9RjBgh0A0kmHf3XxAKLdN5mTIng9iUvVLA=="
    },
    "big-integer": {
      "version": "1.6.49",
      "resolved": "https://registry.npmjs.org/big-integer/-/big-integer-1.6.49.tgz",
      "integrity": "sha512-KJ7VhqH+f/BOt9a3yMwJNmcZjG53ijWMTjSAGMveQWyLwqIiwkjNP5PFgDob3Snnx86SjDj6I89fIbv0dkQeNw=="
    },
    "bit-buffer": {
      "version": "0.0.3",
      "resolved": "https://registry.npmjs.org/bit-buffer/-/bit-buffer-0.0.3.tgz",
      "integrity": "sha1-QWwPxy5dL7tPDsw9ufAL+tMgxDY="
    },
    "bytebuffer": {
      "version": "5.0.1",
      "resolved": "https://registry.npmjs.org/bytebuffer/-/bytebuffer-5.0.1.tgz",
      "integrity": "sha1-WC7qSxqHO20CCkjVjfhfC7ps/d0=",
      "requires": {
        "long": "~3"
      }
    },
    "demofile": {
      "version": "2.1.0",
      "resolved": "https://registry.npmjs.org/demofile/-/demofile-2.1.0.tgz",
      "integrity": "sha512-R4NYw/RPcgHqTyIDVwYW2BsaZzyRrwyMEWkQca9WLfMuCcFjdd0OxSgbmSP/Kw++CtXNkrHsDVoeCuDaIA4Yqg==",
      "requires": {
        "@types/bytebuffer": "^5.0.37",
        "big-integer": "^1.6.48",
        "bit-buffer": "0.0.3",
        "bytebuffer": "^5.0.0",
        "immutable": "^4.0.0-rc.12",
        "iter-tools": "^7.0.2",
        "long": "^3.0.3",
        "protobufjs": "^6.8.8"
      }
    },
    "immutable": {
      "version": "4.0.0-rc.15",
      "resolved": "https://registry.npmjs.org/immutable/-/immutable-4.0.0-rc.15.tgz",
      "integrity": "sha512-v8+A3sNyaieoP9dHegl3tEYnIZa7vqNiSv0U6D7YddiZi34VjKy4GsIxrRHj2d8+CS3MeiVja5QyNe4JO/aEXA=="
    },
    "iter-tools": {
      "version": "7.1.4",
      "resolved": "https://registry.npmjs.org/iter-tools/-/iter-tools-7.1.4.tgz",
      "integrity": "sha512-4dHXdiinrNbDxN+vWAv16CW99JvT86QdNrKgpYWnzuZBXqNsGMA/VWxbAn8ZOOFCf3/R32krMdyye89/7keRcg==",
      "requires": {
        "@babel/runtime": "^7.12.1"
      }
    },
    "long": {
      "version": "3.2.0",
      "resolved": "https://registry.npmjs.org/long/-/long-3.2.0.tgz",
      "integrity": "sha1-2CG3E4yhy1gcFymQ7xTbIAtcR0s="
    },
    "protobufjs": {
      "version": "6.11.2",
      "resolved": "https://registry.npmjs.org/protobufjs/-/protobufjs-6.11.2.tgz",
      "integrity": "sha512-4BQJoPooKJl2G9j3XftkIXjoC9C0Av2NOrWmbLWT1vH32GcSUHjM0Arra6UfTsVyfMAuFzaLucXn1sadxJydAw==",
      "requires": {
        "@protobufjs/aspromise": "^1.1.2",
        "@protobufjs/base64": "^1.1.2",
        "@protobufjs/codegen": "^2.0.4",
        "@protobufjs/eventemitter": "^1.1.0",
        "@protobufjs/fetch": "^1.1.0",
        "@protobufjs/float": "^1.0.2",
        "@protobufjs/inquire": "^1.1.0",
        "@protobufjs/path": "^1.1.2",
        "@protobufjs/pool": "^1.1.0",
        "@protobufjs/utf8": "^1.1.0",
        "@types/long": "^4.0.1",
        "@types/node": ">=13.7.0",
        "long": "^4.0.0"
      },
      "dependencies": {
        "long": {
          "version": "4.0.0",
          "resolved": "https://registry.npmjs.org/long/-/long-4.0.0.tgz",
          "integrity": "sha512-XsP+KhQif4bjX1kbuSiySJFNAehNxgLb6hPRGJ9QsUr8ajHkuXGdrHmFUTUUXhDwVX2R5bY4JNZEwbUiMhV+MA=="
        }
      }
    },
    "regenerator-runtime": {
      "version": "0.13.9",
      "resolved": "https://registry.npmjs.org/regenerator-runtime/-/regenerator-runtime-0.13.9.tgz",
      "integrity": "sha512-p3VT+cOEgxFsRRA9X4lkI1E+k2/CtnKtU4gcxyaCUreilL/vqI6CdZ3wxVUx3UOUg+gnUOQQcRI7BmSI656MYA=="
    }
  }
}
